
Microsoft Visual Studio Solution File, Format Version 12.00
# Visual Studio 2012
Project("{FAE04EC0-301F-11D3-BF4B-00C04F79EFBC}") = "HW_conditions_task1_test", "HW_conditions_task1_test\HW_conditions_task1_test.csproj", "{67EA409A-F2E3-4CCE-9E0A-3F7D903C10EA}"
EndProject
Project("{FAE04EC0-301F-11D3-BF4B-00C04F79EFBC}") = "HW_conditions_task2_test", "HW_conditions_task2_test\HW_conditions_task2_test.csproj", "{2D436E3E-0F60-4098-979D-2CA814016497}"
EndProject
Project("{FAE04EC0-301F-11D3-BF4B-00C04F79EFBC}") = "HW_conditions_task1", "HW_conditions_task1\HW_conditions_task1.csproj", "{DF7C7696-17E6-440C-B245-8FB07C07757E}"
EndProject
Project("{FAE04EC0-301F-11D3-BF4B-00C04F79EFBC}") = "HW_conditions_task2", "HW_conditions_task2\HW_conditions_task2.csproj", "{5A9A6004-816C-439F-A94A-AFF91F4646F1}"
EndProject
Global
	GlobalSection(SolutionConfigurationPlatforms) = preSolution
		Debug|Any CPU = Debug|Any CPU
		Release|Any CPU = Release|Any CPU
	EndGlobalSection
	GlobalSection(ProjectConfigurationPlatforms) = postSolution
		{67EA409A-F2E3-4CCE-9E0A-3F7D903C10EA}.Debug|Any CPU.ActiveCfg = Debug|Any CPU
		{67EA409A-F2E3-4CCE-9E0A-3F7D903C10EA}.Debug|Any CPU.Build.0 = Debug|Any CPU
		{67EA409A-F2E3-4CCE-9E0A-3F7D903C10EA}.Release|Any CPU.ActiveCfg = Release|Any CPU
		{67EA409A-F2E3-4CCE-9E0A-3F7D903C10EA}.Release|Any CPU.Build.0 = Release|Any CPU
		{2D436E3E-0F60-4098-979D-2CA814016497}.Debug|Any CPU.ActiveCfg = Debug|Any CPU
		{2D436E3E-0F60-4098-979D-2CA814016497}.Debug|Any CPU.Build.0 = Debug|Any CPU
		{2D436E3E-0F60-4098-979D-2CA814016497}.Release|Any CPU.ActiveCfg = Release|Any CPU
		{2D436E3E-0F60-4098-979D-2CA814016497}.Release|Any CPU.Build.0 = Release|Any CPU
		{DF7C7696-17E6-440C-B245-8FB07C07757E}.Debug|Any CPU.ActiveCfg = Debug|Any CPU
		{DF7C7696-17E6-440C-B245-8FB07C07757E}.Debug|Any CPU.Build.0 = Debug|Any CPU
		{DF7C7696-17E6-440C-B245-8FB07C07757E}.Release|Any CPU.ActiveCfg = Release|Any CPU
		{DF7C7696-17E6-440C-B245-8FB07C07757E}.Release|Any CPU.Build.0 = Release|Any CPU
		{5A9A6004-816C-439F-A94A-AFF91F4646F1}.Debug|Any CPU.ActiveCfg = Debug|Any CPU
		{5A9A6004-816C-439F-A94A-AFF91F4646F1}.Debug|Any CPU.Build.0 = Debug|Any CPU
		{5A9A6004-816C-439F-A94A-AFF91F4646F1}.Release|Any CPU.ActiveCfg = Release|Any CPU
		{5A9A6004-816C-439F-A94A-AFF91F4646F1}.Release|Any CPU.Build.0 = Release|Any CPU
	EndGlobalSection
	GlobalSection(SolutionProperties) = preSolution
		HideSolutionNode = FALSE
	EndGlobalSection
EndGlobal
